{
  "version": 4,
  "terraform_version": "1.6.4",
  "serial": 1,
  "lineage": "4166f5d9-9d5b-9aa1-c0e9-cb1683329a9d",
  "outputs": {},
  "resources": [
    {
      "mode": "managed",
      "type": "azurerm_resource_group",
      "name": "this",
      "provider": "provider[\"registry.terraform.io/hashicorp/azurerm\"]",
      "instances": [
        {
          "schema_version": 0,
          "attributes": {
            "id": "/subscriptions/35cc0dbc-548f-4010-840e-e5fdb3631afb/resourceGroups/rg-lab-we-wa-lab-we-yolo",
            "location": "westeurope",
            "name": "rg-lab-we-wa-lab-we-yolo",
            "tags": null,
            "timeouts": null
          },
          "sensitive_attributes": [],
          "private": "eyJlMmJmYjczMC1lY2FhLTExZTYtOGY4OC0zNDM2M2JjN2M0YzAiOnsiY3JlYXRlIjo1NDAwMDAwMDAwMDAwLCJkZWxldGUiOjU0MDAwMDAwMDAwMDAsInJlYWQiOjMwMDAwMDAwMDAwMCwidXBkYXRlIjo1NDAwMDAwMDAwMDAwfX0="
        }
      ]
    }
  ],
  "check_results": null
}
