{
  "version": 4,
  "terraform_version": "1.6.4",
  "serial": 4,
  "lineage": "4166f5d9-9d5b-9aa1-c0e9-cb1683329a9d",
  "outputs": {},
  "resources": [
    {
      "mode": "managed",
      "type": "azurerm_linux_web_app",
      "name": "this",
      "provider": "provider[\"registry.terraform.io/hashicorp/azurerm\"]",
      "instances": [
        {
          "schema_version": 0,
          "attributes": {
            "app_settings": null,
            "auth_settings": [
              {
                "active_directory": [],
                "additional_login_parameters": {},
                "allowed_external_redirect_urls": [],
                "default_provider": "",
                "enabled": false,
                "facebook": [],
                "github": [],
                "google": [],
                "issuer": "",
                "microsoft": [],
                "runtime_version": "",
                "token_refresh_extension_hours": 0,
                "token_store_enabled": false,
                "twitter": [],
                "unauthenticated_client_action": ""
              }
            ],
            "backup": [],
            "client_affinity_enabled": false,
            "client_certificate_enabled": false,
            "client_certificate_mode": "Required",
            "connection_string": [],
            "custom_domain_verification_id": "DEB1BD5D2312F3083D3BF1508589137784AA237A98914FCED9A491ED8EDE8448",
            "default_hostname": "wa-lab-we-wa-lab-we-yolo.azurewebsites.net",
            "enabled": true,
            "https_only": false,
            "id": "/subscriptions/35cc0dbc-548f-4010-840e-e5fdb3631afb/resourceGroups/rg-lab-we-wa-lab-we-yolo/providers/Microsoft.Web/sites/wa-lab-we-wa-lab-we-yolo",
            "identity": [],
            "key_vault_reference_identity_id": "SystemAssigned",
            "kind": "app,linux",
            "location": "westeurope",
            "logs": [],
            "name": "wa-lab-we-wa-lab-we-yolo",
            "outbound_ip_address_list": [
              "20.229.248.75",
              "20.229.250.207",
              "20.160.241.121",
              "20.160.241.123",
              "20.160.241.126",
              "20.160.241.155",
              "20.105.216.7"
            ],
            "outbound_ip_addresses": "20.229.248.75,20.229.250.207,20.160.241.121,20.160.241.123,20.160.241.126,20.160.241.155,20.105.216.7",
            "possible_outbound_ip_address_list": [
              "20.229.248.75",
              "20.229.250.207",
              "20.160.241.121",
              "20.160.241.123",
              "20.160.241.126",
              "20.160.241.155",
              "20.229.253.241",
              "20.160.241.214",
              "20.160.242.148",
              "20.160.242.224",
              "20.160.243.0",
              "20.160.243.3",
              "20.160.243.7",
              "20.160.243.21",
              "20.160.243.40",
              "20.229.254.52",
              "20.23.40.84",
              "20.160.243.109",
              "20.160.243.126",
              "20.160.243.184",
              "20.229.250.11",
              "20.160.244.80",
              "20.160.244.187",
              "20.31.231.214",
              "20.105.216.7"
            ],
            "possible_outbound_ip_addresses": "20.229.248.75,20.229.250.207,20.160.241.121,20.160.241.123,20.160.241.126,20.160.241.155,20.229.253.241,20.160.241.214,20.160.242.148,20.160.242.224,20.160.243.0,20.160.243.3,20.160.243.7,20.160.243.21,20.160.243.40,20.229.254.52,20.23.40.84,20.160.243.109,20.160.243.126,20.160.243.184,20.229.250.11,20.160.244.80,20.160.244.187,20.31.231.214,20.105.216.7",
            "resource_group_name": "rg-lab-we-wa-lab-we-yolo",
            "service_plan_id": "/subscriptions/35cc0dbc-548f-4010-840e-e5fdb3631afb/resourceGroups/rg-lab-we-wa-lab-we-yolo/providers/Microsoft.Web/serverfarms/asp-lab-we-wa-lab-we-yolo",
            "site_config": [
              {
                "always_on": true,
                "api_definition_url": "",
                "api_management_api_id": "",
                "app_command_line": "",
                "application_stack": [
                  {
                    "docker_image": "",
                    "docker_image_tag": "",
                    "dotnet_version": "",
                    "java_server": "",
                    "java_server_version": "",
                    "java_version": "",
                    "node_version": "16-lts",
                    "php_version": "",
                    "python_version": "",
                    "ruby_version": ""
                  }
                ],
                "auto_heal_enabled": false,
                "auto_heal_setting": [],
                "container_registry_managed_identity_client_id": "",
                "container_registry_use_managed_identity": false,
                "cors": [],
                "default_documents": [
                  "Default.htm",
                  "Default.html",
                  "Default.asp",
                  "index.htm",
                  "index.html",
                  "iisstart.htm",
                  "default.aspx",
                  "index.php",
                  "hostingstart.html"
                ],
                "detailed_error_logging_enabled": false,
                "ftps_state": "Disabled",
                "health_check_eviction_time_in_min": 0,
                "health_check_path": "",
                "http2_enabled": false,
                "ip_restriction": [],
                "linux_fx_version": "NODE|16-lts",
                "load_balancing_mode": "LeastRequests",
                "local_mysql_enabled": false,
                "managed_pipeline_mode": "Integrated",
                "minimum_tls_version": "1.2",
                "remote_debugging_enabled": false,
                "remote_debugging_version": "VS2019",
                "scm_ip_restriction": [],
                "scm_minimum_tls_version": "1.2",
                "scm_type": "None",
                "scm_use_main_ip_restriction": false,
                "use_32_bit_worker": true,
                "vnet_route_all_enabled": false,
                "websockets_enabled": false,
                "worker_count": 1
              }
            ],
            "site_credential": [
              {
                "name": "$wa-lab-we-wa-lab-we-yolo",
                "password": "dX8jnAt2mQLKuvForMMQvZRe1X8xD3Z0SJLzydlfg9eDeK6izTml3vuuv5Ak"
              }
            ],
            "sticky_settings": [],
            "storage_account": [],
            "tags": null,
            "timeouts": null,
            "virtual_network_subnet_id": "",
            "zip_deploy_file": ""
          },
          "sensitive_attributes": [],
          "private": "eyJlMmJmYjczMC1lY2FhLTExZTYtOGY4OC0zNDM2M2JjN2M0YzAiOnsiY3JlYXRlIjoxODAwMDAwMDAwMDAwLCJkZWxldGUiOjE4MDAwMDAwMDAwMDAsInJlYWQiOjMwMDAwMDAwMDAwMCwidXBkYXRlIjoxODAwMDAwMDAwMDAwfX0=",
          "dependencies": [
            "azurerm_resource_group.this",
            "azurerm_service_plan.this"
          ]
        }
      ]
    },
    {
      "mode": "managed",
      "type": "azurerm_resource_group",
      "name": "this",
      "provider": "provider[\"registry.terraform.io/hashicorp/azurerm\"]",
      "instances": [
        {
          "schema_version": 0,
          "attributes": {
            "id": "/subscriptions/35cc0dbc-548f-4010-840e-e5fdb3631afb/resourceGroups/rg-lab-we-wa-lab-we-yolo",
            "location": "westeurope",
            "name": "rg-lab-we-wa-lab-we-yolo",
            "tags": {},
            "timeouts": null
          },
          "sensitive_attributes": [],
          "private": "eyJlMmJmYjczMC1lY2FhLTExZTYtOGY4OC0zNDM2M2JjN2M0YzAiOnsiY3JlYXRlIjo1NDAwMDAwMDAwMDAwLCJkZWxldGUiOjU0MDAwMDAwMDAwMDAsInJlYWQiOjMwMDAwMDAwMDAwMCwidXBkYXRlIjo1NDAwMDAwMDAwMDAwfX0="
        }
      ]
    },
    {
      "mode": "managed",
      "type": "azurerm_service_plan",
      "name": "this",
      "provider": "provider[\"registry.terraform.io/hashicorp/azurerm\"]",
      "instances": [
        {
          "schema_version": 0,
          "attributes": {
            "app_service_environment_id": "",
            "id": "/subscriptions/35cc0dbc-548f-4010-840e-e5fdb3631afb/resourceGroups/rg-lab-we-wa-lab-we-yolo/providers/Microsoft.Web/serverfarms/asp-lab-we-wa-lab-we-yolo",
            "kind": "linux",
            "location": "westeurope",
            "maximum_elastic_worker_count": 1,
            "name": "asp-lab-we-wa-lab-we-yolo",
            "os_type": "Linux",
            "per_site_scaling_enabled": false,
            "reserved": true,
            "resource_group_name": "rg-lab-we-wa-lab-we-yolo",
            "sku_name": "B1",
            "tags": null,
            "timeouts": null,
            "worker_count": 1,
            "zone_balancing_enabled": false
          },
          "sensitive_attributes": [],
          "private": "eyJlMmJmYjczMC1lY2FhLTExZTYtOGY4OC0zNDM2M2JjN2M0YzAiOnsiY3JlYXRlIjozNjAwMDAwMDAwMDAwLCJkZWxldGUiOjM2MDAwMDAwMDAwMDAsInJlYWQiOjMwMDAwMDAwMDAwMCwidXBkYXRlIjozNjAwMDAwMDAwMDAwfX0=",
          "dependencies": [
            "azurerm_resource_group.this"
          ]
        }
      ]
    }
  ],
  "check_results": null
}
